
Microsoft Visual Studio Solution File, Format Version 12.00
# Visual Studio Version 16
VisualStudioVersion = 16.0.29326.143
MinimumVisualStudioVersion = 10.0.40219.1
Project("{8BC9CEB8-8B4A-11D0-8D11-00A0C91BC942}") = "Final_Exam", "Final_Exam\Final_Exam.vcxproj", "{14A195C5-BB1E-4918-9FC7-D0804A18F4FA}"
EndProject
Global
	GlobalSection(SolutionConfigurationPlatforms) = preSolution
		Debug|x64 = Debug|x64
		Debug|x86 = Debug|x86
		Release|x64 = Release|x64
		Release|x86 = Release|x86
	EndGlobalSection
	GlobalSection(ProjectConfigurationPlatforms) = postSolution
		{14A195C5-BB1E-4918-9FC7-D0804A18F4FA}.Debug|x64.ActiveCfg = Debug|x64
		{14A195C5-BB1E-4918-9FC7-D0804A18F4FA}.Debug|x64.Build.0 = Debug|x64
		{14A195C5-BB1E-4918-9FC7-D0804A18F4FA}.Debug|x86.ActiveCfg = Debug|Win32
		{14A195C5-BB1E-4918-9FC7-D0804A18F4FA}.Debug|x86.Build.0 = Debug|Win32
		{14A195C5-BB1E-4918-9FC7-D0804A18F4FA}.Release|x64.ActiveCfg = Release|x64
		{14A195C5-BB1E-4918-9FC7-D0804A18F4FA}.Release|x64.Build.0 = Release|x64
		{14A195C5-BB1E-4918-9FC7-D0804A18F4FA}.Release|x86.ActiveCfg = Release|Win32
		{14A195C5-BB1E-4918-9FC7-D0804A18F4FA}.Release|x86.Build.0 = Release|Win32
	EndGlobalSection
	GlobalSection(SolutionProperties) = preSolution
		HideSolutionNode = FALSE
	EndGlobalSection
	GlobalSection(ExtensibilityGlobals) = postSolution
		SolutionGuid = {A74B2B2B-6D17-47C8-9D4A-80AC999C827E}
	EndGlobalSection
EndGlobal
